
Microsoft Visual Studio Solution File, Format Version 12.00
# Visual Studio Version 17
VisualStudioVersion = 17.9.34728.123
MinimumVisualStudioVersion = 10.0.40219.1
Project("{9A19103F-16F7-4668-BE54-9A1E7A4F7556}") = "ClientProductApp", "ClientProductApp\ClientProductApp.csproj", "{051D4328-1E38-4722-8886-457C23ED81E2}"
EndProject
Project("{9A19103F-16F7-4668-BE54-9A1E7A4F7556}") = "ClientProductApp.DomainLayer", "ClientProductApp.DomainLayer\ClientProductApp.DomainLayer.csproj", "{4EEE0805-0EB1-4E8F-9DF9-9EAF24455D62}"
EndProject
Project("{9A19103F-16F7-4668-BE54-9A1E7A4F7556}") = "ClientProductApp.ApplicationLayer", "ClientProductApp.ApplicationLayer\ClientProductApp.ApplicationLayer.csproj", "{3D4C7D09-997E-410F-85DF-8D07BB8E5A9A}"
EndProject
Project("{9A19103F-16F7-4668-BE54-9A1E7A4F7556}") = "ClientProductApp.InfrastructureLayer", "ClientProductApp.InfrastructureLayer\ClientProductApp.InfrastructureLayer.csproj", "{130884D6-36ED-438F-AF8D-D7036C1369FF}"
EndProject
Global
	GlobalSection(SolutionConfigurationPlatforms) = preSolution
		Debug|Any CPU = Debug|Any CPU
		Release|Any CPU = Release|Any CPU
	EndGlobalSection
	GlobalSection(ProjectConfigurationPlatforms) = postSolution
		{051D4328-1E38-4722-8886-457C23ED81E2}.Debug|Any CPU.ActiveCfg = Debug|Any CPU
		{051D4328-1E38-4722-8886-457C23ED81E2}.Debug|Any CPU.Build.0 = Debug|Any CPU
		{051D4328-1E38-4722-8886-457C23ED81E2}.Release|Any CPU.ActiveCfg = Release|Any CPU
		{051D4328-1E38-4722-8886-457C23ED81E2}.Release|Any CPU.Build.0 = Release|Any CPU
		{4EEE0805-0EB1-4E8F-9DF9-9EAF24455D62}.Debug|Any CPU.ActiveCfg = Debug|Any CPU
		{4EEE0805-0EB1-4E8F-9DF9-9EAF24455D62}.Debug|Any CPU.Build.0 = Debug|Any CPU
		{4EEE0805-0EB1-4E8F-9DF9-9EAF24455D62}.Release|Any CPU.ActiveCfg = Release|Any CPU
		{4EEE0805-0EB1-4E8F-9DF9-9EAF24455D62}.Release|Any CPU.Build.0 = Release|Any CPU
		{3D4C7D09-997E-410F-85DF-8D07BB8E5A9A}.Debug|Any CPU.ActiveCfg = Debug|Any CPU
		{3D4C7D09-997E-410F-85DF-8D07BB8E5A9A}.Debug|Any CPU.Build.0 = Debug|Any CPU
		{3D4C7D09-997E-410F-85DF-8D07BB8E5A9A}.Release|Any CPU.ActiveCfg = Release|Any CPU
		{3D4C7D09-997E-410F-85DF-8D07BB8E5A9A}.Release|Any CPU.Build.0 = Release|Any CPU
		{130884D6-36ED-438F-AF8D-D7036C1369FF}.Debug|Any CPU.ActiveCfg = Debug|Any CPU
		{130884D6-36ED-438F-AF8D-D7036C1369FF}.Debug|Any CPU.Build.0 = Debug|Any CPU
		{130884D6-36ED-438F-AF8D-D7036C1369FF}.Release|Any CPU.ActiveCfg = Release|Any CPU
		{130884D6-36ED-438F-AF8D-D7036C1369FF}.Release|Any CPU.Build.0 = Release|Any CPU
	EndGlobalSection
	GlobalSection(SolutionProperties) = preSolution
		HideSolutionNode = FALSE
	EndGlobalSection
	GlobalSection(ExtensibilityGlobals) = postSolution
		SolutionGuid = {6F774C16-929E-4ECC-B70A-9F035CC4AE7C}
	EndGlobalSection
EndGlobal
